Microsoft Visual Studio Solution File, Format Version 12.00
# Visual Studio 14
VisualStudioVersion = 14.0.25420.1
MinimumVisualStudioVersion = 10.0.40219.1
Project("{2150E333-8FDC-42A3-9474-1A3956D46DE8}") = "Solution Items", "Solution Items", "{E44A7B24-0046-63F5-F159-25BD279CB76A}"
	ProjectSection(SolutionItems) = preProject
		global.json = global.json
		LICENSE.txt = LICENSE.txt
		nuget.config = nuget.config
	EndProjectSection
	ProjectSection(FolderGlobals) = preProject
		global_1json__JSONSchema = http://json.schemastore.org/global
	EndProjectSection
EndProject
Project("{2150E333-8FDC-42A3-9474-1A3956D46DE8}") = "src", "src", "{D6713D03-4449-5E27-318B-65A1BECFB2E7}"
EndProject
Project("{2150E333-8FDC-42A3-9474-1A3956D46DE8}") = "test", "test", "{3DC039B8-2E0D-6777-0BCD-3C8D95D5B02E}"
EndProject
Project("{8BB2217D-0F2D-49D1-97BC-3654ED321F3B}") = "Digipolis.Json", "src\Digipolis.Json\Digipolis.Json.xproj", "{70FCA4C0-6995-4959-F74A-91F91306F8BD}"
EndProject
Project("{8BB2217D-0F2D-49D1-97BC-3654ED321F3B}") = "Digipolis.Json.UnitTests", "test\Digipolis.Json.UnitTests\Digipolis.Json.UnitTests.xproj", "{9471F2FC-791E-81BD-8E88-9221F764CD2B}"
EndProject
Global
	GlobalSection(SolutionConfigurationPlatforms) = preSolution
		Debug|Any CPU = Debug|Any CPU
		Release|Any CPU = Release|Any CPU
	EndGlobalSection
	GlobalSection(ProjectConfigurationPlatforms) = postSolution
		{70FCA4C0-6995-4959-F74A-91F91306F8BD}.Debug|Any CPU.ActiveCfg = Debug|Any CPU
		{70FCA4C0-6995-4959-F74A-91F91306F8BD}.Debug|Any CPU.Build.0 = Debug|Any CPU
		{70FCA4C0-6995-4959-F74A-91F91306F8BD}.Release|Any CPU.ActiveCfg = Release|Any CPU
		{70FCA4C0-6995-4959-F74A-91F91306F8BD}.Release|Any CPU.Build.0 = Release|Any CPU
		{9471F2FC-791E-81BD-8E88-9221F764CD2B}.Debug|Any CPU.ActiveCfg = Debug|Any CPU
		{9471F2FC-791E-81BD-8E88-9221F764CD2B}.Debug|Any CPU.Build.0 = Debug|Any CPU
		{9471F2FC-791E-81BD-8E88-9221F764CD2B}.Release|Any CPU.ActiveCfg = Release|Any CPU
		{9471F2FC-791E-81BD-8E88-9221F764CD2B}.Release|Any CPU.Build.0 = Release|Any CPU
	EndGlobalSection
	GlobalSection(SolutionProperties) = preSolution
		HideSolutionNode = FALSE
	EndGlobalSection
	GlobalSection(NestedProjects) = preSolution
		{70FCA4C0-6995-4959-F74A-91F91306F8BD} = {D6713D03-4449-5E27-318B-65A1BECFB2E7}
		{9471F2FC-791E-81BD-8E88-9221F764CD2B} = {3DC039B8-2E0D-6777-0BCD-3C8D95D5B02E}
	EndGlobalSection
EndGlobal
